// !$*UTF8*$!
{
	archiveVersion = 1;
	classes = {
	};
	objectVersion = 56;
	objects = {

/* Begin PBXBuildFile section */
		8440E26A2B1A33EE00754637 /* AppDelegate.swift in Sources */ = {isa = PBXBuildFile; fileRef = 8440E2692B1A33EE00754637 /* AppDelegate.swift */; };
		8440E26C2B1A33EE00754637 /* SceneDelegate.swift in Sources */ = {isa = PBXBuildFile; fileRef = 8440E26B2B1A33EE00754637 /* SceneDelegate.swift */; };
		8440E26E2B1A33EE00754637 /* ViewController.swift in Sources */ = {isa = PBXBuildFile; fileRef = 8440E26D2B1A33EE00754637 /* ViewController.swift */; };
		8440E2732B1A33F000754637 /* Assets.xcassets in Resources */ = {isa = PBXBuildFile; fileRef = 8440E2722B1A33F000754637 /* Assets.xcassets */; };
		8440E2762B1A33F000754637 /* LaunchScreen.storyboard in Resources */ = {isa = PBXBuildFile; fileRef = 8440E2742B1A33F000754637 /* LaunchScreen.storyboard */; };
		8440E2812B1A33F000754637 /* Labka8Tests.swift in Sources */ = {isa = PBXBuildFile; fileRef = 8440E2802B1A33F000754637 /* Labka8Tests.swift */; };
		8440E28B2B1A33F000754637 /* Labka8UITests.swift in Sources */ = {isa = PBXBuildFile; fileRef = 8440E28A2B1A33F000754637 /* Labka8UITests.swift */; };
		8440E28D2B1A33F000754637 /* Labka8UITestsLaunchTests.swift in Sources */ = {isa = PBXBuildFile; fileRef = 8440E28C2B1A33F000754637 /* Labka8UITestsLaunchTests.swift */; };
		8440E29A2B1A362900754637 /* MediaItem1.swift in Sources */ = {isa = PBXBuildFile; fileRef = 8440E2992B1A362900754637 /* MediaItem1.swift */; };
		8440E29C2B1A408600754637 /* iTunesAPIClient.swift in Sources */ = {isa = PBXBuildFile; fileRef = 8440E29B2B1A408500754637 /* iTunesAPIClient.swift */; };
/* End PBXBuildFile section */

/* Begin PBXContainerItemProxy section */
		8440E27D2B1A33F000754637 /* PBXContainerItemProxy */ = {
			isa = PBXContainerItemProxy;
			containerPortal = 8440E25E2B1A33EE00754637 /* Project object */;
			proxyType = 1;
			remoteGlobalIDString = 8440E2652B1A33EE00754637;
			remoteInfo = Labka8;
		};
		8440E2872B1A33F000754637 /* PBXContainerItemProxy */ = {
			isa = PBXContainerItemProxy;
			containerPortal = 8440E25E2B1A33EE00754637 /* Project object */;
			proxyType = 1;
			remoteGlobalIDString = 8440E2652B1A33EE00754637;
			remoteInfo = Labka8;
		};
/* End PBXContainerItemProxy section */

/* Begin PBXFileReference section */
		8440E2662B1A33EE00754637 /* Labka8.app */ = {isa = PBXFileReference; explicitFileType = wrapper.application; includeInIndex = 0; path = Labka8.app; sourceTree = BUILT_PRODUCTS_DIR; };
		8440E2692B1A33EE00754637 /* AppDelegate.swift */ = {isa = PBXFileReference; lastKnownFileType = sourcecode.swift; path = AppDelegate.swift; sourceTree = "<group>"; };
		8440E26B2B1A33EE00754637 /* SceneDelegate.swift */ = {isa = PBXFileReference; lastKnownFileType = sourcecode.swift; path = SceneDelegate.swift; sourceTree = "<group>"; };
		8440E26D2B1A33EE00754637 /* ViewController.swift */ = {isa = PBXFileReference; lastKnownFileType = sourcecode.swift; path = ViewController.swift; sourceTree = "<group>"; };
		8440E2722B1A33F000754637 /* Assets.xcassets */ = {isa = PBXFileReference; lastKnownFileType = folder.assetcatalog; path = Assets.xcassets; sourceTree = "<group>"; };
		8440E2752B1A33F000754637 /* Base */ = {isa = PBXFileReference; lastKnownFileType = file.storyboard; name = Base; path = Base.lproj/LaunchScreen.storyboard; sourceTree = "<group>"; };
		8440E2772B1A33F000754637 /* Info.plist */ = {isa = PBXFileReference; lastKnownFileType = text.plist.xml; path = Info.plist; sourceTree = "<group>"; };
		8440E27C2B1A33F000754637 /* Labka8Tests.xctest */ = {isa = PBXFileReference; explicitFileType = wrapper.cfbundle; includeInIndex = 0; path = Labka8Tests.xctest; sourceTree = BUILT_PRODUCTS_DIR; };
		8440E2802B1A33F000754637 /* Labka8Tests.swift */ = {isa = PBXFileReference; lastKnownFileType = sourcecode.swift; path = Labka8Tests.swift; sourceTree = "<group>"; };
		8440E2862B1A33F000754637 /* Labka8UITests.xctest */ = {isa = PBXFileReference; explicitFileType = wrapper.cfbundle; includeInIndex = 0; path = Labka8UITests.xctest; sourceTree = BUILT_PRODUCTS_DIR; };
		8440E28A2B1A33F000754637 /* Labka8UITests.swift */ = {isa = PBXFileReference; lastKnownFileType = sourcecode.swift; path = Labka8UITests.swift; sourceTree = "<group>"; };
		8440E28C2B1A33F000754637 /* Labka8UITestsLaunchTests.swift */ = {isa = PBXFileReference; lastKnownFileType = sourcecode.swift; path = Labka8UITestsLaunchTests.swift; sourceTree = "<group>"; };
		8440E2992B1A362900754637 /* MediaItem1.swift */ = {isa = PBXFileReference; lastKnownFileType = sourcecode.swift; path = MediaItem1.swift; sourceTree = "<group>"; };
		8440E29B2B1A408500754637 /* iTunesAPIClient.swift */ = {isa = PBXFileReference; lastKnownFileType = sourcecode.swift; path = iTunesAPIClient.swift; sourceTree = "<group>"; };
/* End PBXFileReference section */

/* Begin PBXFrameworksBuildPhase section */
		8440E2632B1A33EE00754637 /* Frameworks */ = {
			isa = PBXFrameworksBuildPhase;
			buildActionMask = 2147483647;
			files = (
			);
			runOnlyForDeploymentPostprocessing = 0;
		};
		8440E2792B1A33F000754637 /* Frameworks */ = {
			isa = PBXFrameworksBuildPhase;
			buildActionMask = 2147483647;
			files = (
			);
			runOnlyForDeploymentPostprocessing = 0;
		};
		8440E2832B1A33F000754637 /* Frameworks */ = {
			isa = PBXFrameworksBuildPhase;
			buildActionMask = 2147483647;
			files = (
			);
			runOnlyForDeploymentPostprocessing = 0;
		};
/* End PBXFrameworksBuildPhase section */

/* Begin PBXGroup section */
		8440E25D2B1A33EE00754637 = {
			isa = PBXGroup;
			children = (
				8440E2682B1A33EE00754637 /* Labka8 */,
				8440E27F2B1A33F000754637 /* Labka8Tests */,
				8440E2892B1A33F000754637 /* Labka8UITests */,
				8440E2672B1A33EE00754637 /* Products */,
			);
			sourceTree = "<group>";
		};
		8440E2672B1A33EE00754637 /* Products */ = {
			isa = PBXGroup;
			children = (
				8440E2662B1A33EE00754637 /* Labka8.app */,
				8440E27C2B1A33F000754637 /* Labka8Tests.xctest */,
				8440E2862B1A33F000754637 /* Labka8UITests.xctest */,
			);
			name = Products;
			sourceTree = "<group>";
		};
		8440E2682B1A33EE00754637 /* Labka8 */ = {
			isa = PBXGroup;
			children = (
				8440E2692B1A33EE00754637 /* AppDelegate.swift */,
				8440E26B2B1A33EE00754637 /* SceneDelegate.swift */,
				8440E26D2B1A33EE00754637 /* ViewController.swift */,
				8440E29B2B1A408500754637 /* iTunesAPIClient.swift */,
				8440E2992B1A362900754637 /* MediaItem1.swift */,
				8440E2722B1A33F000754637 /* Assets.xcassets */,
				8440E2742B1A33F000754637 /* LaunchScreen.storyboard */,
				8440E2772B1A33F000754637 /* Info.plist */,
			);
			path = Labka8;
			sourceTree = "<group>";
		};
		8440E27F2B1A33F000754637 /* Labka8Tests */ = {
			isa = PBXGroup;
			children = (
				8440E2802B1A33F000754637 /* Labka8Tests.swift */,
			);
			path = Labka8Tests;
			sourceTree = "<group>";
		};
		8440E2892B1A33F000754637 /* Labka8UITests */ = {
			isa = PBXGroup;
			children = (
				8440E28A2B1A33F000754637 /* Labka8UITests.swift */,
				8440E28C2B1A33F000754637 /* Labka8UITestsLaunchTests.swift */,
			);
			path = Labka8UITests;
			sourceTree = "<group>";
		};
/* End PBXGroup section */

/* Begin PBXNativeTarget section */
		8440E2652B1A33EE00754637 /* Labka8 */ = {
			isa = PBXNativeTarget;
			buildConfigurationList = 8440E2902B1A33F000754637 /* Build configuration list for PBXNativeTarget "Labka8" */;
			buildPhases = (
				8440E2622B1A33EE00754637 /* Sources */,
				8440E2632B1A33EE00754637 /* Frameworks */,
				8440E2642B1A33EE00754637 /* Resources */,
			);
			buildRules = (
			);
			dependencies = (
			);
			name = Labka8;
			productName = Labka8;
			productReference = 8440E2662B1A33EE00754637 /* Labka8.app */;
			productType = "com.apple.product-type.application";
		};
		8440E27B2B1A33F000754637 /* Labka8Tests */ = {
			isa = PBXNativeTarget;
			buildConfigurationList = 8440E2932B1A33F000754637 /* Build configuration list for PBXNativeTarget "Labka8Tests" */;
			buildPhases = (
				8440E2782B1A33F000754637 /* Sources */,
				8440E2792B1A33F000754637 /* Frameworks */,
				8440E27A2B1A33F000754637 /* Resources */,
			);
			buildRules = (
			);
			dependencies = (
				8440E27E2B1A33F000754637 /* PBXTargetDependency */,
			);
			name = Labka8Tests;
			productName = Labka8Tests;
			productReference = 8440E27C2B1A33F000754637 /* Labka8Tests.xctest */;
			productType = "com.apple.product-type.bundle.unit-test";
		};
		8440E2852B1A33F000754637 /* Labka8UITests */ = {
			isa = PBXNativeTarget;
			buildConfigurationList = 8440E2962B1A33F000754637 /* Build configuration list for PBXNativeTarget "Labka8UITests" */;
			buildPhases = (
				8440E2822B1A33F000754637 /* Sources */,
				8440E2832B1A33F000754637 /* Frameworks */,
				8440E2842B1A33F000754637 /* Resources */,
			);
			buildRules = (
			);
			dependencies = (
				8440E2882B1A33F000754637 /* PBXTargetDependency */,
			);
			name = Labka8UITests;
			productName = Labka8UITests;
			productReference = 8440E2862B1A33F000754637 /* Labka8UITests.xctest */;
			productType = "com.apple.product-type.bundle.ui-testing";
		};
/* End PBXNativeTarget section */

/* Begin PBXProject section */
		8440E25E2B1A33EE00754637 /* Project object */ = {
			isa = PBXProject;
			attributes = {
				BuildIndependentTargetsInParallel = 1;
				LastSwiftUpdateCheck = 1430;
				LastUpgradeCheck = 1430;
				TargetAttributes = {
					8440E2652B1A33EE00754637 = {
						CreatedOnToolsVersion = 14.3.1;
					};
					8440E27B2B1A33F000754637 = {
						CreatedOnToolsVersion = 14.3.1;
						TestTargetID = 8440E2652B1A33EE00754637;
					};
					8440E2852B1A33F000754637 = {
						CreatedOnToolsVersion = 14.3.1;
						TestTargetID = 8440E2652B1A33EE00754637;
					};
				};
			};
			buildConfigurationList = 8440E2612B1A33EE00754637 /* Build configuration list for PBXProject "Labka8" */;
			compatibilityVersion = "Xcode 14.0";
			developmentRegion = en;
			hasScannedForEncodings = 0;
			knownRegions = (
				en,
				Base,
			);
			mainGroup = 8440E25D2B1A33EE00754637;
			productRefGroup = 8440E2672B1A33EE00754637 /* Products */;
			projectDirPath = "";
			projectRoot = "";
			targets = (
				8440E2652B1A33EE00754637 /* Labka8 */,
				8440E27B2B1A33F000754637 /* Labka8Tests */,
				8440E2852B1A33F000754637 /* Labka8UITests */,
			);
		};
/* End PBXProject section */

/* Begin PBXResourcesBuildPhase section */
		8440E2642B1A33EE00754637 /* Resources */ = {
			isa = PBXResourcesBuildPhase;
			buildActionMask = 2147483647;
			files = (
				8440E2762B1A33F000754637 /* LaunchScreen.storyboard in Resources */,
				8440E2732B1A33F000754637 /* Assets.xcassets in Resources */,
			);
			runOnlyForDeploymentPostprocessing = 0;
		};
		8440E27A2B1A33F000754637 /* Resources */ = {
			isa = PBXResourcesBuildPhase;
			buildActionMask = 2147483647;
			files = (
			);
			runOnlyForDeploymentPostprocessing = 0;
		};
		8440E2842B1A33F000754637 /* Resources */ = {
			isa = PBXResourcesBuildPhase;
			buildActionMask = 2147483647;
			files = (
			);
			runOnlyForDeploymentPostprocessing = 0;
		};
/* End PBXResourcesBuildPhase section */

/* Begin PBXSourcesBuildPhase section */
		8440E2622B1A33EE00754637 /* Sources */ = {
			isa = PBXSourcesBuildPhase;
			buildActionMask = 2147483647;
			files = (
				8440E29C2B1A408600754637 /* iTunesAPIClient.swift in Sources */,
				8440E26E2B1A33EE00754637 /* ViewController.swift in Sources */,
				8440E29A2B1A362900754637 /* MediaItem1.swift in Sources */,
				8440E26A2B1A33EE00754637 /* AppDelegate.swift in Sources */,
				8440E26C2B1A33EE00754637 /* SceneDelegate.swift in Sources */,
			);
			runOnlyForDeploymentPostprocessing = 0;
		};
		8440E2782B1A33F000754637 /* Sources */ = {
			isa = PBXSourcesBuildPhase;
			buildActionMask = 2147483647;
			files = (
				8440E2812B1A33F000754637 /* Labka8Tests.swift in Sources */,
			);
			runOnlyForDeploymentPostprocessing = 0;
		};
		8440E2822B1A33F000754637 /* Sources */ = {
			isa = PBXSourcesBuildPhase;
			buildActionMask = 2147483647;
			files = (
				8440E28B2B1A33F000754637 /* Labka8UITests.swift in Sources */,
				8440E28D2B1A33F000754637 /* Labka8UITestsLaunchTests.swift in Sources */,
			);
			runOnlyForDeploymentPostprocessing = 0;
		};
/* End PBXSourcesBuildPhase section */

/* Begin PBXTargetDependency section */
		8440E27E2B1A33F000754637 /* PBXTargetDependency */ = {
			isa = PBXTargetDependency;
			target = 8440E2652B1A33EE00754637 /* Labka8 */;
			targetProxy = 8440E27D2B1A33F000754637 /* PBXContainerItemProxy */;
		};
		8440E2882B1A33F000754637 /* PBXTargetDependency */ = {
			isa = PBXTargetDependency;
			target = 8440E2652B1A33EE00754637 /* Labka8 */;
			targetProxy = 8440E2872B1A33F000754637 /* PBXContainerItemProxy */;
		};
/* End PBXTargetDependency section */

/* Begin PBXVariantGroup section */
		8440E2742B1A33F000754637 /* LaunchScreen.storyboard */ = {
			isa = PBXVariantGroup;
			children = (
				8440E2752B1A33F000754637 /* Base */,
			);
			name = LaunchScreen.storyboard;
			sourceTree = "<group>";
		};
/* End PBXVariantGroup section */

/* Begin XCBuildConfiguration section */
		8440E28E2B1A33F000754637 /* Debug */ = {
			isa = XCBuildConfiguration;
			buildSettings = {
				ALWAYS_SEARCH_USER_PATHS = NO;
				CLANG_ANALYZER_NONNULL = YES;
				CLANG_ANALYZER_NUMBER_OBJECT_CONVERSION = YES_AGGRESSIVE;
				CLANG_CXX_LANGUAGE_STANDARD = "gnu++20";
				CLANG_ENABLE_MODULES = YES;
				CLANG_ENABLE_OBJC_ARC = YES;
				CLANG_ENABLE_OBJC_WEAK = YES;
				CLANG_WARN_BLOCK_CAPTURE_AUTORELEASING = YES;
				CLANG_WARN_BOOL_CONVERSION = YES;
				CLANG_WARN_COMMA = YES;
				CLANG_WARN_CONSTANT_CONVERSION = YES;
				CLANG_WARN_DEPRECATED_OBJC_IMPLEMENTATIONS = YES;
				CLANG_WARN_DIRECT_OBJC_ISA_USAGE = YES_ERROR;
				CLANG_WARN_DOCUMENTATION_COMMENTS = YES;
				CLANG_WARN_EMPTY_BODY = YES;
				CLANG_WARN_ENUM_CONVERSION = YES;
				CLANG_WARN_INFINITE_RECURSION = YES;
				CLANG_WARN_INT_CONVERSION = YES;
				CLANG_WARN_NON_LITERAL_NULL_CONVERSION = YES;
				CLANG_WARN_OBJC_IMPLICIT_RETAIN_SELF = YES;
				CLANG_WARN_OBJC_LITERAL_CONVERSION = YES;
				CLANG_WARN_OBJC_ROOT_CLASS = YES_ERROR;
				CLANG_WARN_QUOTED_INCLUDE_IN_FRAMEWORK_HEADER = YES;
				CLANG_WARN_RANGE_LOOP_ANALYSIS = YES;
				CLANG_WARN_STRICT_PROTOTYPES = YES;
				CLANG_WARN_SUSPICIOUS_MOVE = YES;
				CLANG_WARN_UNGUARDED_AVAILABILITY = YES_AGGRESSIVE;
				CLANG_WARN_UNREACHABLE_CODE = YES;
				CLANG_WARN__DUPLICATE_METHOD_MATCH = YES;
				COPY_PHASE_STRIP = NO;
				DEBUG_INFORMATION_FORMAT = dwarf;
				ENABLE_STRICT_OBJC_MSGSEND = YES;
				ENABLE_TESTABILITY = YES;
				GCC_C_LANGUAGE_STANDARD = gnu11;
				GCC_DYNAMIC_NO_PIC = NO;
				GCC_NO_COMMON_BLOCKS = YES;
				GCC_OPTIMIZATION_LEVEL = 0;
				GCC_PREPROCESSOR_DEFINITIONS = (
					"DEBUG=1",
					"$(inherited)",
				);
				GCC_WARN_64_TO_32_BIT_CONVERSION = YES;
				GCC_WARN_ABOUT_RETURN_TYPE = YES_ERROR;
				GCC_WARN_UNDECLARED_SELECTOR = YES;
				GCC_WARN_UNINITIALIZED_AUTOS = YES_AGGRESSIVE;
				GCC_WARN_UNUSED_FUNCTION = YES;
				GCC_WARN_UNUSED_VARIABLE = YES;
				IPHONEOS_DEPLOYMENT_TARGET = 16.4;
				MTL_ENABLE_DEBUG_INFO = INCLUDE_SOURCE;
				MTL_FAST_MATH = YES;
				ONLY_ACTIVE_ARCH = YES;
				SDKROOT = iphoneos;
				SWIFT_ACTIVE_COMPILATION_CONDITIONS = DEBUG;
				SWIFT_OPTIMIZATION_LEVEL = "-Onone";
			};
			name = Debug;
		};
		8440E28F2B1A33F000754637 /* Release */ = {
			isa = XCBuildConfiguration;
			buildSettings = {
				ALWAYS_SEARCH_USER_PATHS = NO;
				CLANG_ANALYZER_NONNULL = YES;
				CLANG_ANALYZER_NUMBER_OBJECT_CONVERSION = YES_AGGRESSIVE;
				CLANG_CXX_LANGUAGE_STANDARD = "gnu++20";
				CLANG_ENABLE_MODULES = YES;
				CLANG_ENABLE_OBJC_ARC = YES;
				CLANG_ENABLE_OBJC_WEAK = YES;
				CLANG_WARN_BLOCK_CAPTURE_AUTORELEASING = YES;
				CLANG_WARN_BOOL_CONVERSION = YES;
				CLANG_WARN_COMMA = YES;
				CLANG_WARN_CONSTANT_CONVERSION = YES;
				CLANG_WARN_DEPRECATED_OBJC_IMPLEMENTATIONS = YES;
				CLANG_WARN_DIRECT_OBJC_ISA_USAGE = YES_ERROR;
				CLANG_WARN_DOCUMENTATION_COMMENTS = YES;
				CLANG_WARN_EMPTY_BODY = YES;
				CLANG_WARN_ENUM_CONVERSION = YES;
				CLANG_WARN_INFINITE_RECURSION = YES;
				CLANG_WARN_INT_CONVERSION = YES;
				CLANG_WARN_NON_LITERAL_NULL_CONVERSION = YES;
				CLANG_WARN_OBJC_IMPLICIT_RETAIN_SELF = YES;
				CLANG_WARN_OBJC_LITERAL_CONVERSION = YES;
				CLANG_WARN_OBJC_ROOT_CLASS = YES_ERROR;
				CLANG_WARN_QUOTED_INCLUDE_IN_FRAMEWORK_HEADER = YES;
				CLANG_WARN_RANGE_LOOP_ANALYSIS = YES;
				CLANG_WARN_STRICT_PROTOTYPES = YES;
				CLANG_WARN_SUSPICIOUS_MOVE = YES;
				CLANG_WARN_UNGUARDED_AVAILABILITY = YES_AGGRESSIVE;
				CLANG_WARN_UNREACHABLE_CODE = YES;
				CLANG_WARN__DUPLICATE_METHOD_MATCH = YES;
				COPY_PHASE_STRIP = NO;
				DEBUG_INFORMATION_FORMAT = "dwarf-with-dsym";
				ENABLE_NS_ASSERTIONS = NO;
				ENABLE_STRICT_OBJC_MSGSEND = YES;
				GCC_C_LANGUAGE_STANDARD = gnu11;
				GCC_NO_COMMON_BLOCKS = YES;
				GCC_WARN_64_TO_32_BIT_CONVERSION = YES;
				GCC_WARN_ABOUT_RETURN_TYPE = YES_ERROR;
				GCC_WARN_UNDECLARED_SELECTOR = YES;
				GCC_WARN_UNINITIALIZED_AUTOS = YES_AGGRESSIVE;
				GCC_WARN_UNUSED_FUNCTION = YES;
				GCC_WARN_UNUSED_VARIABLE = YES;
				IPHONEOS_DEPLOYMENT_TARGET = 16.4;
				MTL_ENABLE_DEBUG_INFO = NO;
				MTL_FAST_MATH = YES;
				SDKROOT = iphoneos;
				SWIFT_COMPILATION_MODE = wholemodule;
				SWIFT_OPTIMIZATION_LEVEL = "-O";
				VALIDATE_PRODUCT = YES;
			};
			name = Release;
		};
		8440E2912B1A33F000754637 /* Debug */ = {
			isa = XCBuildConfiguration;
			buildSettings = {
				ASSETCATALOG_COMPILER_APPICON_NAME = AppIcon;
				ASSETCATALOG_COMPILER_GLOBAL_ACCENT_COLOR_NAME = AccentColor;
				CODE_SIGN_STYLE = Automatic;
				CURRENT_PROJECT_VERSION = 1;
				GENERATE_INFOPLIST_FILE = YES;
				INFOPLIST_FILE = Labka8/Info.plist;
				INFOPLIST_KEY_CFBundleDisplayName = "";
				INFOPLIST_KEY_LSApplicationCategoryType = "";
				INFOPLIST_KEY_UIApplicationSupportsIndirectInputEvents = YES;
				INFOPLIST_KEY_UILaunchStoryboardName = LaunchScreen;
				INFOPLIST_KEY_UISupportedInterfaceOrientations_iPad = "UIInterfaceOrientationPortrait UIInterfaceOrientationPortraitUpsideDown UIInterfaceOrientationLandscapeLeft UIInterfaceOrientationLandscapeRight";
				INFOPLIST_KEY_UISupportedInterfaceOrientations_iPhone = "UIInterfaceOrientationPortrait UIInterfaceOrientationLandscapeLeft UIInterfaceOrientationLandscapeRight";
				LD_RUNPATH_SEARCH_PATHS = (
					"$(inherited)",
					"@executable_path/Frameworks",
				);
				MARKETING_VERSION = 1.0;
				PRODUCT_BUNDLE_IDENTIFIER = com.zikosh.Labka8;
				PRODUCT_NAME = "$(TARGET_NAME)";
				SWIFT_EMIT_LOC_STRINGS = YES;
				SWIFT_VERSION = 5.0;
				TARGETED_DEVICE_FAMILY = "1,2";
			};
			name = Debug;
		};
		8440E2922B1A33F000754637 /* Release */ = {
			isa = XCBuildConfiguration;
			buildSettings = {
				ASSETCATALOG_COMPILER_APPICON_NAME = AppIcon;
				ASSETCATALOG_COMPILER_GLOBAL_ACCENT_COLOR_NAME = AccentColor;
				CODE_SIGN_STYLE = Automatic;
				CURRENT_PROJECT_VERSION = 1;
				GENERATE_INFOPLIST_FILE = YES;
				INFOPLIST_FILE = Labka8/Info.plist;
				INFOPLIST_KEY_CFBundleDisplayName = "";
				INFOPLIST_KEY_LSApplicationCategoryType = "";
				INFOPLIST_KEY_UIApplicationSupportsIndirectInputEvents = YES;
				INFOPLIST_KEY_UILaunchStoryboardName = LaunchScreen;
				INFOPLIST_KEY_UISupportedInterfaceOrientations_iPad = "UIInterfaceOrientationPortrait UIInterfaceOrientationPortraitUpsideDown UIInterfaceOrientationLandscapeLeft UIInterfaceOrientationLandscapeRight";
				INFOPLIST_KEY_UISupportedInterfaceOrientations_iPhone = "UIInterfaceOrientationPortrait UIInterfaceOrientationLandscapeLeft UIInterfaceOrientationLandscapeRight";
				LD_RUNPATH_SEARCH_PATHS = (
					"$(inherited)",
					"@executable_path/Frameworks",
				);
				MARKETING_VERSION = 1.0;
				PRODUCT_BUNDLE_IDENTIFIER = com.zikosh.Labka8;
				PRODUCT_NAME = "$(TARGET_NAME)";
				SWIFT_EMIT_LOC_STRINGS = YES;
				SWIFT_VERSION = 5.0;
				TARGETED_DEVICE_FAMILY = "1,2";
			};
			name = Release;
		};
		8440E2942B1A33F000754637 /* Debug */ = {
			isa = XCBuildConfiguration;
			buildSettings = {
				ALWAYS_EMBED_SWIFT_STANDARD_LIBRARIES = YES;
				BUNDLE_LOADER = "$(TEST_HOST)";
				CODE_SIGN_STYLE = Automatic;
				CURRENT_PROJECT_VERSION = 1;
				GENERATE_INFOPLIST_FILE = YES;
				IPHONEOS_DEPLOYMENT_TARGET = 16.4;
				MARKETING_VERSION = 1.0;
				PRODUCT_BUNDLE_IDENTIFIER = com.zikosh.Labka8Tests;
				PRODUCT_NAME = "$(TARGET_NAME)";
				SWIFT_EMIT_LOC_STRINGS = NO;
				SWIFT_VERSION = 5.0;
				TARGETED_DEVICE_FAMILY = "1,2";
				TEST_HOST = "$(BUILT_PRODUCTS_DIR)/Labka8.app/$(BUNDLE_EXECUTABLE_FOLDER_PATH)/Labka8";
			};
			name = Debug;
		};
		8440E2952B1A33F000754637 /* Release */ = {
			isa = XCBuildConfiguration;
			buildSettings = {
				ALWAYS_EMBED_SWIFT_STANDARD_LIBRARIES = YES;
				BUNDLE_LOADER = "$(TEST_HOST)";
				CODE_SIGN_STYLE = Automatic;
				CURRENT_PROJECT_VERSION = 1;
				GENERATE_INFOPLIST_FILE = YES;
				IPHONEOS_DEPLOYMENT_TARGET = 16.4;
				MARKETING_VERSION = 1.0;
				PRODUCT_BUNDLE_IDENTIFIER = com.zikosh.Labka8Tests;
				PRODUCT_NAME = "$(TARGET_NAME)";
				SWIFT_EMIT_LOC_STRINGS = NO;
				SWIFT_VERSION = 5.0;
				TARGETED_DEVICE_FAMILY = "1,2";
				TEST_HOST = "$(BUILT_PRODUCTS_DIR)/Labka8.app/$(BUNDLE_EXECUTABLE_FOLDER_PATH)/Labka8";
			};
			name = Release;
		};
		8440E2972B1A33F000754637 /* Debug */ = {
			isa = XCBuildConfiguration;
			buildSettings = {
				ALWAYS_EMBED_SWIFT_STANDARD_LIBRARIES = YES;
				CODE_SIGN_STYLE = Automatic;
				CURRENT_PROJECT_VERSION = 1;
				GENERATE_INFOPLIST_FILE = YES;
				MARKETING_VERSION = 1.0;
				PRODUCT_BUNDLE_IDENTIFIER = com.zikosh.Labka8UITests;
				PRODUCT_NAME = "$(TARGET_NAME)";
				SWIFT_EMIT_LOC_STRINGS = NO;
				SWIFT_VERSION = 5.0;
				TARGETED_DEVICE_FAMILY = "1,2";
				TEST_TARGET_NAME = Labka8;
			};
			name = Debug;
		};
		8440E2982B1A33F000754637 /* Release */ = {
			isa = XCBuildConfiguration;
			buildSettings = {
				ALWAYS_EMBED_SWIFT_STANDARD_LIBRARIES = YES;
				CODE_SIGN_STYLE = Automatic;
				CURRENT_PROJECT_VERSION = 1;
				GENERATE_INFOPLIST_FILE = YES;
				MARKETING_VERSION = 1.0;
				PRODUCT_BUNDLE_IDENTIFIER = com.zikosh.Labka8UITests;
				PRODUCT_NAME = "$(TARGET_NAME)";
				SWIFT_EMIT_LOC_STRINGS = NO;
				SWIFT_VERSION = 5.0;
				TARGETED_DEVICE_FAMILY = "1,2";
				TEST_TARGET_NAME = Labka8;
			};
			name = Release;
		};
/* End XCBuildConfiguration section */

/* Begin XCConfigurationList section */
		8440E2612B1A33EE00754637 /* Build configuration list for PBXProject "Labka8" */ = {
			isa = XCConfigurationList;
			buildConfigurations = (
				8440E28E2B1A33F000754637 /* Debug */,
				8440E28F2B1A33F000754637 /* Release */,
			);
			defaultConfigurationIsVisible = 0;
			defaultConfigurationName = Release;
		};
		8440E2902B1A33F000754637 /* Build configuration list for PBXNativeTarget "Labka8" */ = {
			isa = XCConfigurationList;
			buildConfigurations = (
				8440E2912B1A33F000754637 /* Debug */,
				8440E2922B1A33F000754637 /* Release */,
			);
			defaultConfigurationIsVisible = 0;
			defaultConfigurationName = Release;
		};
		8440E2932B1A33F000754637 /* Build configuration list for PBXNativeTarget "Labka8Tests" */ = {
			isa = XCConfigurationList;
			buildConfigurations = (
				8440E2942B1A33F000754637 /* Debug */,
				8440E2952B1A33F000754637 /* Release */,
			);
			defaultConfigurationIsVisible = 0;
			defaultConfigurationName = Release;
		};
		8440E2962B1A33F000754637 /* Build configuration list for PBXNativeTarget "Labka8UITests" */ = {
			isa = XCConfigurationList;
			buildConfigurations = (
				8440E2972B1A33F000754637 /* Debug */,
				8440E2982B1A33F000754637 /* Release */,
			);
			defaultConfigurationIsVisible = 0;
			defaultConfigurationName = Release;
		};
/* End XCConfigurationList section */
	};
	rootObject = 8440E25E2B1A33EE00754637 /* Project object */;
}
